
Microsoft Visual Studio Solution File, Format Version 12.00
# Visual Studio 15
Project("{FAE04EC0-301F-11D3-BF4B-00C04F79EFBC}") = "UnityEngine.TestRunner", "UnityEngine.TestRunner.csproj", "{86C5E1C8-EB47-37DA-3F0B-54378671ACF5}"
EndProject
Project("{FAE04EC0-301F-11D3-BF4B-00C04F79EFBC}") = "Unity.Mathematics", "Unity.Mathematics.csproj", "{395848AB-1931-1EEB-D001-617E00D3F308}"
EndProject
Project("{FAE04EC0-301F-11D3-BF4B-00C04F79EFBC}") = "Unity.2D.Animation.Triangle.Runtime", "Unity.2D.Animation.Triangle.Runtime.csproj", "{5A96D9A5-2F5B-2226-C6A5-622668DDCC6D}"
EndProject
Project("{FAE04EC0-301F-11D3-BF4B-00C04F79EFBC}") = "Unity.Timeline", "Unity.Timeline.csproj", "{10AB5258-1DC4-2A6D-6F2F-50EC15AECCB8}"
EndProject
Project("{FAE04EC0-301F-11D3-BF4B-00C04F79EFBC}") = "UnityEngine.UI", "UnityEngine.UI.csproj", "{1B19C63F-BA99-8164-B96D-71B9C01C4EDC}"
EndProject
Project("{FAE04EC0-301F-11D3-BF4B-00C04F79EFBC}") = "Cinemachine", "Cinemachine.csproj", "{153A43C7-2AE7-6F1C-42AD-B23B6791ED23}"
EndProject
Project("{FAE04EC0-301F-11D3-BF4B-00C04F79EFBC}") = "Unity.TextMeshPro", "Unity.TextMeshPro.csproj", "{440050A5-FA6F-85ED-C3BA-A7B16A17970E}"
EndProject
Project("{FAE04EC0-301F-11D3-BF4B-00C04F79EFBC}") = "Unity.2D.Animation.Runtime", "Unity.2D.Animation.Runtime.csproj", "{C33AB3C7-A81F-A1AA-C45C-7716A869B2A2}"
EndProject
Project("{FAE04EC0-301F-11D3-BF4B-00C04F79EFBC}") = "Assembly-CSharp", "Assembly-CSharp.csproj", "{FEC473D5-DF57-5C7F-C884-55602EF1A8E4}"
EndProject
Project("{FAE04EC0-301F-11D3-BF4B-00C04F79EFBC}") = "Unity.2D.IK.Runtime", "Unity.2D.IK.Runtime.csproj", "{FBD87F5A-3667-FA9C-A52E-D73E358D36CB}"
EndProject
Project("{FAE04EC0-301F-11D3-BF4B-00C04F79EFBC}") = "Unity.2D.SpriteShape.Runtime", "Unity.2D.SpriteShape.Runtime.csproj", "{1DEAF0A2-290C-7A95-E927-8BB6CEC5DBAD}"
EndProject
Project("{FAE04EC0-301F-11D3-BF4B-00C04F79EFBC}") = "Unity.2D.PixelPerfect", "Unity.2D.PixelPerfect.csproj", "{DC42DF98-E759-62CF-0E75-2632A17AB5D7}"
EndProject
Project("{FAE04EC0-301F-11D3-BF4B-00C04F79EFBC}") = "Unity.2D.Common.Runtime", "Unity.2D.Common.Runtime.csproj", "{EC51C8A8-8AF6-281F-B05E-AA6EFC1B15DC}"
EndProject
Project("{FAE04EC0-301F-11D3-BF4B-00C04F79EFBC}") = "Unity.InternalAPIEngineBridge.001", "Unity.InternalAPIEngineBridge.001.csproj", "{502E53D2-C719-06D2-8980-0B2B14283CAB}"
EndProject
Project("{FAE04EC0-301F-11D3-BF4B-00C04F79EFBC}") = "UnityEditor.TestRunner", "UnityEditor.TestRunner.csproj", "{73DF0658-848E-A8FC-8B9D-52D2483A5AB6}"
EndProject
Project("{FAE04EC0-301F-11D3-BF4B-00C04F79EFBC}") = "Unity.PlasticSCM.Editor", "Unity.PlasticSCM.Editor.csproj", "{5A88CD24-CB89-A4E0-6268-0030B9EF1B56}"
EndProject
Project("{FAE04EC0-301F-11D3-BF4B-00C04F79EFBC}") = "UnityEditor.UI", "UnityEditor.UI.csproj", "{21255BD4-AA4A-EDF0-E861-5FFF9AC43014}"
EndProject
Project("{FAE04EC0-301F-11D3-BF4B-00C04F79EFBC}") = "Unity.Services.Core.Editor", "Unity.Services.Core.Editor.csproj", "{71E1B660-D8D7-9138-443F-766C1AD1B079}"
EndProject
Project("{FAE04EC0-301F-11D3-BF4B-00C04F79EFBC}") = "Unity.Timeline.Editor", "Unity.Timeline.Editor.csproj", "{EE2340F9-0A15-AE79-07F7-FF91E6472110}"
EndProject
Project("{FAE04EC0-301F-11D3-BF4B-00C04F79EFBC}") = "Unity.VisualStudio.Editor", "Unity.VisualStudio.Editor.csproj", "{3F491830-4F50-4D68-7744-FA5604C4D899}"
EndProject
Project("{FAE04EC0-301F-11D3-BF4B-00C04F79EFBC}") = "com.unity.cinemachine.editor", "com.unity.cinemachine.editor.csproj", "{12D19821-6098-A99C-B736-456AB408CB23}"
EndProject
Project("{FAE04EC0-301F-11D3-BF4B-00C04F79EFBC}") = "Unity.2D.Psdimporter.Editor", "Unity.2D.Psdimporter.Editor.csproj", "{CF85A085-D58B-17A3-CAE0-20EA0C207B12}"
EndProject
Project("{FAE04EC0-301F-11D3-BF4B-00C04F79EFBC}") = "Unity.2D.Animation.Editor", "Unity.2D.Animation.Editor.csproj", "{9DF944A6-A628-73BA-93DB-117137898F26}"
EndProject
Project("{FAE04EC0-301F-11D3-BF4B-00C04F79EFBC}") = "Unity.TextMeshPro.Editor", "Unity.TextMeshPro.Editor.csproj", "{9EF1B63F-27B2-D533-E058-5B3820EA0971}"
EndProject
Project("{FAE04EC0-301F-11D3-BF4B-00C04F79EFBC}") = "Unity.2D.SpriteShape.Editor", "Unity.2D.SpriteShape.Editor.csproj", "{8C8219F5-3E57-9941-A62C-5555D501D1D3}"
EndProject
Project("{FAE04EC0-301F-11D3-BF4B-00C04F79EFBC}") = "Unity.CollabProxy.Editor", "Unity.CollabProxy.Editor.csproj", "{D44494C7-4660-AADD-9090-75FCF7F9170D}"
EndProject
Project("{FAE04EC0-301F-11D3-BF4B-00C04F79EFBC}") = "PsdPlugin", "PsdPlugin.csproj", "{BDD18412-11DA-918A-9263-9EC9C8EEDE0D}"
EndProject
Project("{FAE04EC0-301F-11D3-BF4B-00C04F79EFBC}") = "Unity.2D.Path.Editor", "Unity.2D.Path.Editor.csproj", "{197DAF7B-9AE7-3FFD-318F-DE9A4E205A52}"
EndProject
Project("{FAE04EC0-301F-11D3-BF4B-00C04F79EFBC}") = "Unity.Rider.Editor", "Unity.Rider.Editor.csproj", "{F91BA6F7-A3D3-5F94-E716-D0C94C3A9C37}"
EndProject
Project("{FAE04EC0-301F-11D3-BF4B-00C04F79EFBC}") = "Unity.2D.IK.Editor", "Unity.2D.IK.Editor.csproj", "{8ADC53BF-194D-43D3-59E4-D2439FE05712}"
EndProject
Project("{FAE04EC0-301F-11D3-BF4B-00C04F79EFBC}") = "Unity.2D.Sprite.Editor", "Unity.2D.Sprite.Editor.csproj", "{C24DF3FF-5DAB-9C93-414F-6D431D6812A1}"
EndProject
Project("{FAE04EC0-301F-11D3-BF4B-00C04F79EFBC}") = "Unity.2D.Tilemap.Editor", "Unity.2D.Tilemap.Editor.csproj", "{B6036707-381B-CDFC-3263-93AE36EB0992}"
EndProject
Project("{FAE04EC0-301F-11D3-BF4B-00C04F79EFBC}") = "Unity.2D.PixelPerfect.Editor", "Unity.2D.PixelPerfect.Editor.csproj", "{A14AA0BD-ADEB-6357-36E7-3024FEDB7147}"
EndProject
Project("{FAE04EC0-301F-11D3-BF4B-00C04F79EFBC}") = "Unity.VSCode.Editor", "Unity.VSCode.Editor.csproj", "{40A7104F-5211-B138-32D8-E76AE48CBC0C}"
EndProject
Project("{FAE04EC0-301F-11D3-BF4B-00C04F79EFBC}") = "Unity.2D.Common.Editor", "Unity.2D.Common.Editor.csproj", "{A73867BD-2F1D-BE1C-E30C-8CDBDC5A9A72}"
EndProject
Project("{FAE04EC0-301F-11D3-BF4B-00C04F79EFBC}") = "Unity.Mathematics.Editor", "Unity.Mathematics.Editor.csproj", "{793C44AC-34EF-D447-893B-0DCA338C3EAE}"
EndProject
Project("{FAE04EC0-301F-11D3-BF4B-00C04F79EFBC}") = "Unity.InternalAPIEditorBridge.001", "Unity.InternalAPIEditorBridge.001.csproj", "{B5F672E1-C681-0089-D2C5-87025E4F1F63}"
EndProject
Global
	GlobalSection(SolutionConfigurationPlatforms) = preSolution
		Debug|Any CPU = Debug|Any CPU
		Release|Any CPU = Release|Any CPU
	EndGlobalSection
	GlobalSection(ProjectConfigurationPlatforms) = postSolution
		{86C5E1C8-EB47-37DA-3F0B-54378671ACF5}.Debug|Any CPU.ActiveCfg = Debug|Any CPU
		{86C5E1C8-EB47-37DA-3F0B-54378671ACF5}.Debug|Any CPU.Build.0 = Debug|Any CPU
		{86C5E1C8-EB47-37DA-3F0B-54378671ACF5}.Release|Any CPU.ActiveCfg = Release|Any CPU
		{86C5E1C8-EB47-37DA-3F0B-54378671ACF5}.Release|Any CPU.Build.0 = Release|Any CPU
		{395848AB-1931-1EEB-D001-617E00D3F308}.Debug|Any CPU.ActiveCfg = Debug|Any CPU
		{395848AB-1931-1EEB-D001-617E00D3F308}.Debug|Any CPU.Build.0 = Debug|Any CPU
		{395848AB-1931-1EEB-D001-617E00D3F308}.Release|Any CPU.ActiveCfg = Release|Any CPU
		{395848AB-1931-1EEB-D001-617E00D3F308}.Release|Any CPU.Build.0 = Release|Any CPU
		{5A96D9A5-2F5B-2226-C6A5-622668DDCC6D}.Debug|Any CPU.ActiveCfg = Debug|Any CPU
		{5A96D9A5-2F5B-2226-C6A5-622668DDCC6D}.Debug|Any CPU.Build.0 = Debug|Any CPU
		{5A96D9A5-2F5B-2226-C6A5-622668DDCC6D}.Release|Any CPU.ActiveCfg = Release|Any CPU
		{5A96D9A5-2F5B-2226-C6A5-622668DDCC6D}.Release|Any CPU.Build.0 = Release|Any CPU
		{10AB5258-1DC4-2A6D-6F2F-50EC15AECCB8}.Debug|Any CPU.ActiveCfg = Debug|Any CPU
		{10AB5258-1DC4-2A6D-6F2F-50EC15AECCB8}.Debug|Any CPU.Build.0 = Debug|Any CPU
		{10AB5258-1DC4-2A6D-6F2F-50EC15AECCB8}.Release|Any CPU.ActiveCfg = Release|Any CPU
		{10AB5258-1DC4-2A6D-6F2F-50EC15AECCB8}.Release|Any CPU.Build.0 = Release|Any CPU
		{1B19C63F-BA99-8164-B96D-71B9C01C4EDC}.Debug|Any CPU.ActiveCfg = Debug|Any CPU
		{1B19C63F-BA99-8164-B96D-71B9C01C4EDC}.Debug|Any CPU.Build.0 = Debug|Any CPU
		{1B19C63F-BA99-8164-B96D-71B9C01C4EDC}.Release|Any CPU.ActiveCfg = Release|Any CPU
		{1B19C63F-BA99-8164-B96D-71B9C01C4EDC}.Release|Any CPU.Build.0 = Release|Any CPU
		{153A43C7-2AE7-6F1C-42AD-B23B6791ED23}.Debug|Any CPU.ActiveCfg = Debug|Any CPU
		{153A43C7-2AE7-6F1C-42AD-B23B6791ED23}.Debug|Any CPU.Build.0 = Debug|Any CPU
		{153A43C7-2AE7-6F1C-42AD-B23B6791ED23}.Release|Any CPU.ActiveCfg = Release|Any CPU
		{153A43C7-2AE7-6F1C-42AD-B23B6791ED23}.Release|Any CPU.Build.0 = Release|Any CPU
		{440050A5-FA6F-85ED-C3BA-A7B16A17970E}.Debug|Any CPU.ActiveCfg = Debug|Any CPU
		{440050A5-FA6F-85ED-C3BA-A7B16A17970E}.Debug|Any CPU.Build.0 = Debug|Any CPU
		{440050A5-FA6F-85ED-C3BA-A7B16A17970E}.Release|Any CPU.ActiveCfg = Release|Any CPU
		{440050A5-FA6F-85ED-C3BA-A7B16A17970E}.Release|Any CPU.Build.0 = Release|Any CPU
		{C33AB3C7-A81F-A1AA-C45C-7716A869B2A2}.Debug|Any CPU.ActiveCfg = Debug|Any CPU
		{C33AB3C7-A81F-A1AA-C45C-7716A869B2A2}.Debug|Any CPU.Build.0 = Debug|Any CPU
		{C33AB3C7-A81F-A1AA-C45C-7716A869B2A2}.Release|Any CPU.ActiveCfg = Release|Any CPU
		{C33AB3C7-A81F-A1AA-C45C-7716A869B2A2}.Release|Any CPU.Build.0 = Release|Any CPU
		{FEC473D5-DF57-5C7F-C884-55602EF1A8E4}.Debug|Any CPU.ActiveCfg = Debug|Any CPU
		{FEC473D5-DF57-5C7F-C884-55602EF1A8E4}.Debug|Any CPU.Build.0 = Debug|Any CPU
		{FEC473D5-DF57-5C7F-C884-55602EF1A8E4}.Release|Any CPU.ActiveCfg = Release|Any CPU
		{FEC473D5-DF57-5C7F-C884-55602EF1A8E4}.Release|Any CPU.Build.0 = Release|Any CPU
		{FBD87F5A-3667-FA9C-A52E-D73E358D36CB}.Debug|Any CPU.ActiveCfg = Debug|Any CPU
		{FBD87F5A-3667-FA9C-A52E-D73E358D36CB}.Debug|Any CPU.Build.0 = Debug|Any CPU
		{FBD87F5A-3667-FA9C-A52E-D73E358D36CB}.Release|Any CPU.ActiveCfg = Release|Any CPU
		{FBD87F5A-3667-FA9C-A52E-D73E358D36CB}.Release|Any CPU.Build.0 = Release|Any CPU
		{1DEAF0A2-290C-7A95-E927-8BB6CEC5DBAD}.Debug|Any CPU.ActiveCfg = Debug|Any CPU
		{1DEAF0A2-290C-7A95-E927-8BB6CEC5DBAD}.Debug|Any CPU.Build.0 = Debug|Any CPU
		{1DEAF0A2-290C-7A95-E927-8BB6CEC5DBAD}.Release|Any CPU.ActiveCfg = Release|Any CPU
		{1DEAF0A2-290C-7A95-E927-8BB6CEC5DBAD}.Release|Any CPU.Build.0 = Release|Any CPU
		{DC42DF98-E759-62CF-0E75-2632A17AB5D7}.Debug|Any CPU.ActiveCfg = Debug|Any CPU
		{DC42DF98-E759-62CF-0E75-2632A17AB5D7}.Debug|Any CPU.Build.0 = Debug|Any CPU
		{DC42DF98-E759-62CF-0E75-2632A17AB5D7}.Release|Any CPU.ActiveCfg = Release|Any CPU
		{DC42DF98-E759-62CF-0E75-2632A17AB5D7}.Release|Any CPU.Build.0 = Release|Any CPU
		{EC51C8A8-8AF6-281F-B05E-AA6EFC1B15DC}.Debug|Any CPU.ActiveCfg = Debug|Any CPU
		{EC51C8A8-8AF6-281F-B05E-AA6EFC1B15DC}.Debug|Any CPU.Build.0 = Debug|Any CPU
		{EC51C8A8-8AF6-281F-B05E-AA6EFC1B15DC}.Release|Any CPU.ActiveCfg = Release|Any CPU
		{EC51C8A8-8AF6-281F-B05E-AA6EFC1B15DC}.Release|Any CPU.Build.0 = Release|Any CPU
		{502E53D2-C719-06D2-8980-0B2B14283CAB}.Debug|Any CPU.ActiveCfg = Debug|Any CPU
		{502E53D2-C719-06D2-8980-0B2B14283CAB}.Debug|Any CPU.Build.0 = Debug|Any CPU
		{502E53D2-C719-06D2-8980-0B2B14283CAB}.Release|Any CPU.ActiveCfg = Release|Any CPU
		{502E53D2-C719-06D2-8980-0B2B14283CAB}.Release|Any CPU.Build.0 = Release|Any CPU
		{73DF0658-848E-A8FC-8B9D-52D2483A5AB6}.Debug|Any CPU.ActiveCfg = Debug|Any CPU
		{73DF0658-848E-A8FC-8B9D-52D2483A5AB6}.Debug|Any CPU.Build.0 = Debug|Any CPU
		{73DF0658-848E-A8FC-8B9D-52D2483A5AB6}.Release|Any CPU.ActiveCfg = Release|Any CPU
		{73DF0658-848E-A8FC-8B9D-52D2483A5AB6}.Release|Any CPU.Build.0 = Release|Any CPU
		{5A88CD24-CB89-A4E0-6268-0030B9EF1B56}.Debug|Any CPU.ActiveCfg = Debug|Any CPU
		{5A88CD24-CB89-A4E0-6268-0030B9EF1B56}.Debug|Any CPU.Build.0 = Debug|Any CPU
		{5A88CD24-CB89-A4E0-6268-0030B9EF1B56}.Release|Any CPU.ActiveCfg = Release|Any CPU
		{5A88CD24-CB89-A4E0-6268-0030B9EF1B56}.Release|Any CPU.Build.0 = Release|Any CPU
		{21255BD4-AA4A-EDF0-E861-5FFF9AC43014}.Debug|Any CPU.ActiveCfg = Debug|Any CPU
		{21255BD4-AA4A-EDF0-E861-5FFF9AC43014}.Debug|Any CPU.Build.0 = Debug|Any CPU
		{21255BD4-AA4A-EDF0-E861-5FFF9AC43014}.Release|Any CPU.ActiveCfg = Release|Any CPU
		{21255BD4-AA4A-EDF0-E861-5FFF9AC43014}.Release|Any CPU.Build.0 = Release|Any CPU
		{71E1B660-D8D7-9138-443F-766C1AD1B079}.Debug|Any CPU.ActiveCfg = Debug|Any CPU
		{71E1B660-D8D7-9138-443F-766C1AD1B079}.Debug|Any CPU.Build.0 = Debug|Any CPU
		{71E1B660-D8D7-9138-443F-766C1AD1B079}.Release|Any CPU.ActiveCfg = Release|Any CPU
		{71E1B660-D8D7-9138-443F-766C1AD1B079}.Release|Any CPU.Build.0 = Release|Any CPU
		{EE2340F9-0A15-AE79-07F7-FF91E6472110}.Debug|Any CPU.ActiveCfg = Debug|Any CPU
		{EE2340F9-0A15-AE79-07F7-FF91E6472110}.Debug|Any CPU.Build.0 = Debug|Any CPU
		{EE2340F9-0A15-AE79-07F7-FF91E6472110}.Release|Any CPU.ActiveCfg = Release|Any CPU
		{EE2340F9-0A15-AE79-07F7-FF91E6472110}.Release|Any CPU.Build.0 = Release|Any CPU
		{3F491830-4F50-4D68-7744-FA5604C4D899}.Debug|Any CPU.ActiveCfg = Debug|Any CPU
		{3F491830-4F50-4D68-7744-FA5604C4D899}.Debug|Any CPU.Build.0 = Debug|Any CPU
		{3F491830-4F50-4D68-7744-FA5604C4D899}.Release|Any CPU.ActiveCfg = Release|Any CPU
		{3F491830-4F50-4D68-7744-FA5604C4D899}.Release|Any CPU.Build.0 = Release|Any CPU
		{12D19821-6098-A99C-B736-456AB408CB23}.Debug|Any CPU.ActiveCfg = Debug|Any CPU
		{12D19821-6098-A99C-B736-456AB408CB23}.Debug|Any CPU.Build.0 = Debug|Any CPU
		{12D19821-6098-A99C-B736-456AB408CB23}.Release|Any CPU.ActiveCfg = Release|Any CPU
		{12D19821-6098-A99C-B736-456AB408CB23}.Release|Any CPU.Build.0 = Release|Any CPU
		{CF85A085-D58B-17A3-CAE0-20EA0C207B12}.Debug|Any CPU.ActiveCfg = Debug|Any CPU
		{CF85A085-D58B-17A3-CAE0-20EA0C207B12}.Debug|Any CPU.Build.0 = Debug|Any CPU
		{CF85A085-D58B-17A3-CAE0-20EA0C207B12}.Release|Any CPU.ActiveCfg = Release|Any CPU
		{CF85A085-D58B-17A3-CAE0-20EA0C207B12}.Release|Any CPU.Build.0 = Release|Any CPU
		{9DF944A6-A628-73BA-93DB-117137898F26}.Debug|Any CPU.ActiveCfg = Debug|Any CPU
		{9DF944A6-A628-73BA-93DB-117137898F26}.Debug|Any CPU.Build.0 = Debug|Any CPU
		{9DF944A6-A628-73BA-93DB-117137898F26}.Release|Any CPU.ActiveCfg = Release|Any CPU
		{9DF944A6-A628-73BA-93DB-117137898F26}.Release|Any CPU.Build.0 = Release|Any CPU
		{9EF1B63F-27B2-D533-E058-5B3820EA0971}.Debug|Any CPU.ActiveCfg = Debug|Any CPU
		{9EF1B63F-27B2-D533-E058-5B3820EA0971}.Debug|Any CPU.Build.0 = Debug|Any CPU
		{9EF1B63F-27B2-D533-E058-5B3820EA0971}.Release|Any CPU.ActiveCfg = Release|Any CPU
		{9EF1B63F-27B2-D533-E058-5B3820EA0971}.Release|Any CPU.Build.0 = Release|Any CPU
		{8C8219F5-3E57-9941-A62C-5555D501D1D3}.Debug|Any CPU.ActiveCfg = Debug|Any CPU
		{8C8219F5-3E57-9941-A62C-5555D501D1D3}.Debug|Any CPU.Build.0 = Debug|Any CPU
		{8C8219F5-3E57-9941-A62C-5555D501D1D3}.Release|Any CPU.ActiveCfg = Release|Any CPU
		{8C8219F5-3E57-9941-A62C-5555D501D1D3}.Release|Any CPU.Build.0 = Release|Any CPU
		{D44494C7-4660-AADD-9090-75FCF7F9170D}.Debug|Any CPU.ActiveCfg = Debug|Any CPU
		{D44494C7-4660-AADD-9090-75FCF7F9170D}.Debug|Any CPU.Build.0 = Debug|Any CPU
		{D44494C7-4660-AADD-9090-75FCF7F9170D}.Release|Any CPU.ActiveCfg = Release|Any CPU
		{D44494C7-4660-AADD-9090-75FCF7F9170D}.Release|Any CPU.Build.0 = Release|Any CPU
		{BDD18412-11DA-918A-9263-9EC9C8EEDE0D}.Debug|Any CPU.ActiveCfg = Debug|Any CPU
		{BDD18412-11DA-918A-9263-9EC9C8EEDE0D}.Debug|Any CPU.Build.0 = Debug|Any CPU
		{BDD18412-11DA-918A-9263-9EC9C8EEDE0D}.Release|Any CPU.ActiveCfg = Release|Any CPU
		{BDD18412-11DA-918A-9263-9EC9C8EEDE0D}.Release|Any CPU.Build.0 = Release|Any CPU
		{197DAF7B-9AE7-3FFD-318F-DE9A4E205A52}.Debug|Any CPU.ActiveCfg = Debug|Any CPU
		{197DAF7B-9AE7-3FFD-318F-DE9A4E205A52}.Debug|Any CPU.Build.0 = Debug|Any CPU
		{197DAF7B-9AE7-3FFD-318F-DE9A4E205A52}.Release|Any CPU.ActiveCfg = Release|Any CPU
		{197DAF7B-9AE7-3FFD-318F-DE9A4E205A52}.Release|Any CPU.Build.0 = Release|Any CPU
		{F91BA6F7-A3D3-5F94-E716-D0C94C3A9C37}.Debug|Any CPU.ActiveCfg = Debug|Any CPU
		{F91BA6F7-A3D3-5F94-E716-D0C94C3A9C37}.Debug|Any CPU.Build.0 = Debug|Any CPU
		{F91BA6F7-A3D3-5F94-E716-D0C94C3A9C37}.Release|Any CPU.ActiveCfg = Release|Any CPU
		{F91BA6F7-A3D3-5F94-E716-D0C94C3A9C37}.Release|Any CPU.Build.0 = Release|Any CPU
		{8ADC53BF-194D-43D3-59E4-D2439FE05712}.Debug|Any CPU.ActiveCfg = Debug|Any CPU
		{8ADC53BF-194D-43D3-59E4-D2439FE05712}.Debug|Any CPU.Build.0 = Debug|Any CPU
		{8ADC53BF-194D-43D3-59E4-D2439FE05712}.Release|Any CPU.ActiveCfg = Release|Any CPU
		{8ADC53BF-194D-43D3-59E4-D2439FE05712}.Release|Any CPU.Build.0 = Release|Any CPU
		{C24DF3FF-5DAB-9C93-414F-6D431D6812A1}.Debug|Any CPU.ActiveCfg = Debug|Any CPU
		{C24DF3FF-5DAB-9C93-414F-6D431D6812A1}.Debug|Any CPU.Build.0 = Debug|Any CPU
		{C24DF3FF-5DAB-9C93-414F-6D431D6812A1}.Release|Any CPU.ActiveCfg = Release|Any CPU
		{C24DF3FF-5DAB-9C93-414F-6D431D6812A1}.Release|Any CPU.Build.0 = Release|Any CPU
		{B6036707-381B-CDFC-3263-93AE36EB0992}.Debug|Any CPU.ActiveCfg = Debug|Any CPU
		{B6036707-381B-CDFC-3263-93AE36EB0992}.Debug|Any CPU.Build.0 = Debug|Any CPU
		{B6036707-381B-CDFC-3263-93AE36EB0992}.Release|Any CPU.ActiveCfg = Release|Any CPU
		{B6036707-381B-CDFC-3263-93AE36EB0992}.Release|Any CPU.Build.0 = Release|Any CPU
		{A14AA0BD-ADEB-6357-36E7-3024FEDB7147}.Debug|Any CPU.ActiveCfg = Debug|Any CPU
		{A14AA0BD-ADEB-6357-36E7-3024FEDB7147}.Debug|Any CPU.Build.0 = Debug|Any CPU
		{A14AA0BD-ADEB-6357-36E7-3024FEDB7147}.Release|Any CPU.ActiveCfg = Release|Any CPU
		{A14AA0BD-ADEB-6357-36E7-3024FEDB7147}.Release|Any CPU.Build.0 = Release|Any CPU
		{40A7104F-5211-B138-32D8-E76AE48CBC0C}.Debug|Any CPU.ActiveCfg = Debug|Any CPU
		{40A7104F-5211-B138-32D8-E76AE48CBC0C}.Debug|Any CPU.Build.0 = Debug|Any CPU
		{40A7104F-5211-B138-32D8-E76AE48CBC0C}.Release|Any CPU.ActiveCfg = Release|Any CPU
		{40A7104F-5211-B138-32D8-E76AE48CBC0C}.Release|Any CPU.Build.0 = Release|Any CPU
		{A73867BD-2F1D-BE1C-E30C-8CDBDC5A9A72}.Debug|Any CPU.ActiveCfg = Debug|Any CPU
		{A73867BD-2F1D-BE1C-E30C-8CDBDC5A9A72}.Debug|Any CPU.Build.0 = Debug|Any CPU
		{A73867BD-2F1D-BE1C-E30C-8CDBDC5A9A72}.Release|Any CPU.ActiveCfg = Release|Any CPU
		{A73867BD-2F1D-BE1C-E30C-8CDBDC5A9A72}.Release|Any CPU.Build.0 = Release|Any CPU
		{793C44AC-34EF-D447-893B-0DCA338C3EAE}.Debug|Any CPU.ActiveCfg = Debug|Any CPU
		{793C44AC-34EF-D447-893B-0DCA338C3EAE}.Debug|Any CPU.Build.0 = Debug|Any CPU
		{793C44AC-34EF-D447-893B-0DCA338C3EAE}.Release|Any CPU.ActiveCfg = Release|Any CPU
		{793C44AC-34EF-D447-893B-0DCA338C3EAE}.Release|Any CPU.Build.0 = Release|Any CPU
		{B5F672E1-C681-0089-D2C5-87025E4F1F63}.Debug|Any CPU.ActiveCfg = Debug|Any CPU
		{B5F672E1-C681-0089-D2C5-87025E4F1F63}.Debug|Any CPU.Build.0 = Debug|Any CPU
		{B5F672E1-C681-0089-D2C5-87025E4F1F63}.Release|Any CPU.ActiveCfg = Release|Any CPU
		{B5F672E1-C681-0089-D2C5-87025E4F1F63}.Release|Any CPU.Build.0 = Release|Any CPU
	EndGlobalSection
	GlobalSection(SolutionProperties) = preSolution
		HideSolutionNode = FALSE
	EndGlobalSection
EndGlobal
